// !$*UTF8*$!
{
	archiveVersion = 1;
	classes = {
	};
	objectVersion = 51;
	objects = {

/* Begin PBXBuildFile section */
		04B6E4CEEC2B610CC7709793 /* Pods_App.framework in Frameworks */ = {isa = PBXBuildFile; fileRef = FF4F54D32F09E6EC43C7DE92 /* Pods_App.framework */; };
		536751D0238A149A0093F8B3 /* AppDelegate.swift in Sources */ = {isa = PBXBuildFile; fileRef = 536751CF238A149A0093F8B3 /* AppDelegate.swift */; };
		536751D2238A149A0093F8B3 /* ViewController.swift in Sources */ = {isa = PBXBuildFile; fileRef = 536751D1238A149A0093F8B3 /* ViewController.swift */; };
		536751D5238A149A0093F8B3 /* Main.storyboard in Resources */ = {isa = PBXBuildFile; fileRef = 536751D3238A149A0093F8B3 /* Main.storyboard */; };
		536751D7238A14A20093F8B3 /* Assets.xcassets in Resources */ = {isa = PBXBuildFile; fileRef = 536751D6238A14A20093F8B3 /* Assets.xcassets */; };
		536751DA238A14A20093F8B3 /* LaunchScreen.storyboard in Resources */ = {isa = PBXBuildFile; fileRef = 536751D8238A14A20093F8B3 /* LaunchScreen.storyboard */; };
		536751E5238A14A20093F8B3 /* AppTests.swift in Sources */ = {isa = PBXBuildFile; fileRef = 536751E4238A14A20093F8B3 /* AppTests.swift */; };
		536751F0238A14A20093F8B3 /* AppUITests.swift in Sources */ = {isa = PBXBuildFile; fileRef = 536751EF238A14A20093F8B3 /* AppUITests.swift */; };
		53675205238A16510093F8B3 /* Localizable.strings in Resources */ = {isa = PBXBuildFile; fileRef = 53675204238A16510093F8B3 /* Localizable.strings */; };
		53675210238A18570093F8B3 /* Environment.swift in Sources */ = {isa = PBXBuildFile; fileRef = 5367520F238A18570093F8B3 /* Environment.swift */; };
		53675216238B01E80093F8B3 /* R.generated.swift in Sources */ = {isa = PBXBuildFile; fileRef = 53675215238B01E80093F8B3 /* R.generated.swift */; };
		8AFE79BA5F8392DFFF1D888E /* Pods_AppTests.framework in Frameworks */ = {isa = PBXBuildFile; fileRef = 5DCC79306CB061EBA1E03A35 /* Pods_AppTests.framework */; };
		A2FF0231A47AAD5417836382 /* Pods_App_AppUITests.framework in Frameworks */ = {isa = PBXBuildFile; fileRef = 61FAA67374C0ADDE61CBA6BA /* Pods_App_AppUITests.framework */; };
/* End PBXBuildFile section */

/* Begin PBXContainerItemProxy section */
		536751E1238A14A20093F8B3 /* PBXContainerItemProxy */ = {
			isa = PBXContainerItemProxy;
			containerPortal = 536751C4238A149A0093F8B3 /* Project object */;
			proxyType = 1;
			remoteGlobalIDString = 536751CB238A149A0093F8B3;
			remoteInfo = App;
		};
		536751EC238A14A20093F8B3 /* PBXContainerItemProxy */ = {
			isa = PBXContainerItemProxy;
			containerPortal = 536751C4238A149A0093F8B3 /* Project object */;
			proxyType = 1;
			remoteGlobalIDString = 536751CB238A149A0093F8B3;
			remoteInfo = App;
		};
/* End PBXContainerItemProxy section */

/* Begin PBXFileReference section */
		01551FB951E1E13EA9F4B837 /* Pods-AppTests.release.xcconfig */ = {isa = PBXFileReference; includeInIndex = 1; lastKnownFileType = text.xcconfig; name = "Pods-AppTests.release.xcconfig"; path = "Target Support Files/Pods-AppTests/Pods-AppTests.release.xcconfig"; sourceTree = "<group>"; };
		0F140947EF7C269B3144809B /* Pods-App-AppUITests.debug dev.xcconfig */ = {isa = PBXFileReference; includeInIndex = 1; lastKnownFileType = text.xcconfig; name = "Pods-App-AppUITests.debug dev.xcconfig"; path = "Target Support Files/Pods-App-AppUITests/Pods-App-AppUITests.debug dev.xcconfig"; sourceTree = "<group>"; };
		1419A3D04E62273B286D062A /* Pods-App-AppUITests.debug.xcconfig */ = {isa = PBXFileReference; includeInIndex = 1; lastKnownFileType = text.xcconfig; name = "Pods-App-AppUITests.debug.xcconfig"; path = "Target Support Files/Pods-App-AppUITests/Pods-App-AppUITests.debug.xcconfig"; sourceTree = "<group>"; };
		142DDAA92322DAB378D6FBBD /* Pods-App.release.xcconfig */ = {isa = PBXFileReference; includeInIndex = 1; lastKnownFileType = text.xcconfig; name = "Pods-App.release.xcconfig"; path = "Target Support Files/Pods-App/Pods-App.release.xcconfig"; sourceTree = "<group>"; };
		1BD350D4590C41CC7BE1BABF /* Pods-App.release dev.xcconfig */ = {isa = PBXFileReference; includeInIndex = 1; lastKnownFileType = text.xcconfig; name = "Pods-App.release dev.xcconfig"; path = "Target Support Files/Pods-App/Pods-App.release dev.xcconfig"; sourceTree = "<group>"; };
		4447FC42A726569E07A8F2A0 /* Pods-App-AppUITests.release.xcconfig */ = {isa = PBXFileReference; includeInIndex = 1; lastKnownFileType = text.xcconfig; name = "Pods-App-AppUITests.release.xcconfig"; path = "Target Support Files/Pods-App-AppUITests/Pods-App-AppUITests.release.xcconfig"; sourceTree = "<group>"; };
		536751CC238A149A0093F8B3 /* App.app */ = {isa = PBXFileReference; explicitFileType = wrapper.application; includeInIndex = 0; path = App.app; sourceTree = BUILT_PRODUCTS_DIR; };
		536751CF238A149A0093F8B3 /* AppDelegate.swift */ = {isa = PBXFileReference; lastKnownFileType = sourcecode.swift; path = AppDelegate.swift; sourceTree = "<group>"; };
		536751D1238A149A0093F8B3 /* ViewController.swift */ = {isa = PBXFileReference; lastKnownFileType = sourcecode.swift; path = ViewController.swift; sourceTree = "<group>"; };
		536751D4238A149A0093F8B3 /* Base */ = {isa = PBXFileReference; lastKnownFileType = file.storyboard; name = Base; path = Base.lproj/Main.storyboard; sourceTree = "<group>"; };
		536751D6238A14A20093F8B3 /* Assets.xcassets */ = {isa = PBXFileReference; lastKnownFileType = folder.assetcatalog; path = Assets.xcassets; sourceTree = "<group>"; };
		536751D9238A14A20093F8B3 /* Base */ = {isa = PBXFileReference; lastKnownFileType = file.storyboard; name = Base; path = Base.lproj/LaunchScreen.storyboard; sourceTree = "<group>"; };
		536751DB238A14A20093F8B3 /* Info.plist */ = {isa = PBXFileReference; lastKnownFileType = text.plist.xml; path = Info.plist; sourceTree = "<group>"; };
		536751E0238A14A20093F8B3 /* AppTests.xctest */ = {isa = PBXFileReference; explicitFileType = wrapper.cfbundle; includeInIndex = 0; path = AppTests.xctest; sourceTree = BUILT_PRODUCTS_DIR; };
		536751E4238A14A20093F8B3 /* AppTests.swift */ = {isa = PBXFileReference; lastKnownFileType = sourcecode.swift; path = AppTests.swift; sourceTree = "<group>"; };
		536751E6238A14A20093F8B3 /* Info.plist */ = {isa = PBXFileReference; lastKnownFileType = text.plist.xml; path = Info.plist; sourceTree = "<group>"; };
		536751EB238A14A20093F8B3 /* AppUITests.xctest */ = {isa = PBXFileReference; explicitFileType = wrapper.cfbundle; includeInIndex = 0; path = AppUITests.xctest; sourceTree = BUILT_PRODUCTS_DIR; };
		536751EF238A14A20093F8B3 /* AppUITests.swift */ = {isa = PBXFileReference; lastKnownFileType = sourcecode.swift; path = AppUITests.swift; sourceTree = "<group>"; };
		536751F1238A14A20093F8B3 /* Info.plist */ = {isa = PBXFileReference; lastKnownFileType = text.plist.xml; path = Info.plist; sourceTree = "<group>"; };
		53675204238A16510093F8B3 /* Localizable.strings */ = {isa = PBXFileReference; lastKnownFileType = text.plist.strings; path = Localizable.strings; sourceTree = "<group>"; };
		5367520F238A18570093F8B3 /* Environment.swift */ = {isa = PBXFileReference; lastKnownFileType = sourcecode.swift; path = Environment.swift; sourceTree = "<group>"; };
		53675215238B01E80093F8B3 /* R.generated.swift */ = {isa = PBXFileReference; fileEncoding = 4; lastKnownFileType = sourcecode.swift; path = R.generated.swift; sourceTree = SOURCE_ROOT; };
		5DCC79306CB061EBA1E03A35 /* Pods_AppTests.framework */ = {isa = PBXFileReference; explicitFileType = wrapper.framework; includeInIndex = 0; path = Pods_AppTests.framework; sourceTree = BUILT_PRODUCTS_DIR; };
		61FAA67374C0ADDE61CBA6BA /* Pods_App_AppUITests.framework */ = {isa = PBXFileReference; explicitFileType = wrapper.framework; includeInIndex = 0; path = Pods_App_AppUITests.framework; sourceTree = BUILT_PRODUCTS_DIR; };
		8CCD21838E914D1179DF30A9 /* Pods-AppTests.release dev.xcconfig */ = {isa = PBXFileReference; includeInIndex = 1; lastKnownFileType = text.xcconfig; name = "Pods-AppTests.release dev.xcconfig"; path = "Target Support Files/Pods-AppTests/Pods-AppTests.release dev.xcconfig"; sourceTree = "<group>"; };
		8F16792C2433E00A23772DBE /* Pods-AppTests.debug.xcconfig */ = {isa = PBXFileReference; includeInIndex = 1; lastKnownFileType = text.xcconfig; name = "Pods-AppTests.debug.xcconfig"; path = "Target Support Files/Pods-AppTests/Pods-AppTests.debug.xcconfig"; sourceTree = "<group>"; };
		9834507D6C8A9AE27CD73ECD /* Pods-AppTests.debug dev.xcconfig */ = {isa = PBXFileReference; includeInIndex = 1; lastKnownFileType = text.xcconfig; name = "Pods-AppTests.debug dev.xcconfig"; path = "Target Support Files/Pods-AppTests/Pods-AppTests.debug dev.xcconfig"; sourceTree = "<group>"; };
		C8999F5587E40F2CC2F095A5 /* Pods-App.debug dev.xcconfig */ = {isa = PBXFileReference; includeInIndex = 1; lastKnownFileType = text.xcconfig; name = "Pods-App.debug dev.xcconfig"; path = "Target Support Files/Pods-App/Pods-App.debug dev.xcconfig"; sourceTree = "<group>"; };
		D012A34F75A64B089E802E74 /* Pods-App-AppUITests.release dev.xcconfig */ = {isa = PBXFileReference; includeInIndex = 1; lastKnownFileType = text.xcconfig; name = "Pods-App-AppUITests.release dev.xcconfig"; path = "Target Support Files/Pods-App-AppUITests/Pods-App-AppUITests.release dev.xcconfig"; sourceTree = "<group>"; };
		F72A5D779EC682F3305827A6 /* Pods-App.debug.xcconfig */ = {isa = PBXFileReference; includeInIndex = 1; lastKnownFileType = text.xcconfig; name = "Pods-App.debug.xcconfig"; path = "Target Support Files/Pods-App/Pods-App.debug.xcconfig"; sourceTree = "<group>"; };
		FF4F54D32F09E6EC43C7DE92 /* Pods_App.framework */ = {isa = PBXFileReference; explicitFileType = wrapper.framework; includeInIndex = 0; path = Pods_App.framework; sourceTree = BUILT_PRODUCTS_DIR; };
/* End PBXFileReference section */

/* Begin PBXFrameworksBuildPhase section */
		536751C9238A149A0093F8B3 /* Frameworks */ = {
			isa = PBXFrameworksBuildPhase;
			buildActionMask = 2147483647;
			files = (
				04B6E4CEEC2B610CC7709793 /* Pods_App.framework in Frameworks */,
			);
			runOnlyForDeploymentPostprocessing = 0;
		};
		536751DD238A14A20093F8B3 /* Frameworks */ = {
			isa = PBXFrameworksBuildPhase;
			buildActionMask = 2147483647;
			files = (
				8AFE79BA5F8392DFFF1D888E /* Pods_AppTests.framework in Frameworks */,
			);
			runOnlyForDeploymentPostprocessing = 0;
		};
		536751E8238A14A20093F8B3 /* Frameworks */ = {
			isa = PBXFrameworksBuildPhase;
			buildActionMask = 2147483647;
			files = (
				A2FF0231A47AAD5417836382 /* Pods_App_AppUITests.framework in Frameworks */,
			);
			runOnlyForDeploymentPostprocessing = 0;
		};
/* End PBXFrameworksBuildPhase section */

/* Begin PBXGroup section */
		12D8221AB8FD3DD1D447D0D0 /* Pods */ = {
			isa = PBXGroup;
			children = (
				F72A5D779EC682F3305827A6 /* Pods-App.debug.xcconfig */,
				C8999F5587E40F2CC2F095A5 /* Pods-App.debug dev.xcconfig */,
				142DDAA92322DAB378D6FBBD /* Pods-App.release.xcconfig */,
				1BD350D4590C41CC7BE1BABF /* Pods-App.release dev.xcconfig */,
				1419A3D04E62273B286D062A /* Pods-App-AppUITests.debug.xcconfig */,
				0F140947EF7C269B3144809B /* Pods-App-AppUITests.debug dev.xcconfig */,
				4447FC42A726569E07A8F2A0 /* Pods-App-AppUITests.release.xcconfig */,
				D012A34F75A64B089E802E74 /* Pods-App-AppUITests.release dev.xcconfig */,
				8F16792C2433E00A23772DBE /* Pods-AppTests.debug.xcconfig */,
				9834507D6C8A9AE27CD73ECD /* Pods-AppTests.debug dev.xcconfig */,
				01551FB951E1E13EA9F4B837 /* Pods-AppTests.release.xcconfig */,
				8CCD21838E914D1179DF30A9 /* Pods-AppTests.release dev.xcconfig */,
			);
			path = Pods;
			sourceTree = "<group>";
		};
		536751C3238A149A0093F8B3 = {
			isa = PBXGroup;
			children = (
				536751CE238A149A0093F8B3 /* App */,
				536751E3238A14A20093F8B3 /* AppTests */,
				536751EE238A14A20093F8B3 /* AppUITests */,
				536751CD238A149A0093F8B3 /* Products */,
				12D8221AB8FD3DD1D447D0D0 /* Pods */,
				D88EA49270FF6A6ABE9BFF2B /* Frameworks */,
			);
			sourceTree = "<group>";
		};
		536751CD238A149A0093F8B3 /* Products */ = {
			isa = PBXGroup;
			children = (
				536751CC238A149A0093F8B3 /* App.app */,
				536751E0238A14A20093F8B3 /* AppTests.xctest */,
				536751EB238A14A20093F8B3 /* AppUITests.xctest */,
			);
			name = Products;
			sourceTree = "<group>";
		};
		536751CE238A149A0093F8B3 /* App */ = {
			isa = PBXGroup;
			children = (
				536751FD238A15D10093F8B3 /* Resources */,
				536751FE238A15D70093F8B3 /* Extensions */,
				53675201238A15FB0093F8B3 /* Models */,
				536751FF238A15E00093F8B3 /* Services */,
				53675200238A15EF0093F8B3 /* Features */,
				536751CF238A149A0093F8B3 /* AppDelegate.swift */,
				5367520F238A18570093F8B3 /* Environment.swift */,
				536751DB238A14A20093F8B3 /* Info.plist */,
			);
			path = App;
			sourceTree = "<group>";
		};
		536751E3238A14A20093F8B3 /* AppTests */ = {
			isa = PBXGroup;
			children = (
				536751E4238A14A20093F8B3 /* AppTests.swift */,
				536751E6238A14A20093F8B3 /* Info.plist */,
			);
			path = AppTests;
			sourceTree = "<group>";
		};
		536751EE238A14A20093F8B3 /* AppUITests */ = {
			isa = PBXGroup;
			children = (
				536751EF238A14A20093F8B3 /* AppUITests.swift */,
				536751F1238A14A20093F8B3 /* Info.plist */,
			);
			path = AppUITests;
			sourceTree = "<group>";
		};
		536751FD238A15D10093F8B3 /* Resources */ = {
			isa = PBXGroup;
			children = (
				53675203238A163C0093F8B3 /* Strings */,
				53675202238A162E0093F8B3 /* Fonts */,
				53675206238A166D0093F8B3 /* Assets */,
				53675214238B01D70093F8B3 /* R.generated */,
			);
			path = Resources;
			sourceTree = "<group>";
		};
		536751FE238A15D70093F8B3 /* Extensions */ = {
			isa = PBXGroup;
			children = (
			);
			path = Extensions;
			sourceTree = "<group>";
		};
		536751FF238A15E00093F8B3 /* Services */ = {
			isa = PBXGroup;
			children = (
			);
			path = Services;
			sourceTree = "<group>";
		};
		53675200238A15EF0093F8B3 /* Features */ = {
			isa = PBXGroup;
			children = (
				536751D1238A149A0093F8B3 /* ViewController.swift */,
				536751D3238A149A0093F8B3 /* Main.storyboard */,
				536751D8238A14A20093F8B3 /* LaunchScreen.storyboard */,
			);
			path = Features;
			sourceTree = "<group>";
		};
		53675201238A15FB0093F8B3 /* Models */ = {
			isa = PBXGroup;
			children = (
			);
			path = Models;
			sourceTree = "<group>";
		};
		53675202238A162E0093F8B3 /* Fonts */ = {
			isa = PBXGroup;
			children = (
			);
			path = Fonts;
			sourceTree = "<group>";
		};
		53675203238A163C0093F8B3 /* Strings */ = {
			isa = PBXGroup;
			children = (
				53675204238A16510093F8B3 /* Localizable.strings */,
			);
			path = Strings;
			sourceTree = "<group>";
		};
		53675206238A166D0093F8B3 /* Assets */ = {
			isa = PBXGroup;
			children = (
				536751D6238A14A20093F8B3 /* Assets.xcassets */,
			);
			path = Assets;
			sourceTree = "<group>";
		};
		53675214238B01D70093F8B3 /* R.generated */ = {
			isa = PBXGroup;
			children = (
				53675215238B01E80093F8B3 /* R.generated.swift */,
			);
			path = R.generated;
			sourceTree = "<group>";
		};
		D88EA49270FF6A6ABE9BFF2B /* Frameworks */ = {
			isa = PBXGroup;
			children = (
				FF4F54D32F09E6EC43C7DE92 /* Pods_App.framework */,
				61FAA67374C0ADDE61CBA6BA /* Pods_App_AppUITests.framework */,
				5DCC79306CB061EBA1E03A35 /* Pods_AppTests.framework */,
			);
			name = Frameworks;
			sourceTree = "<group>";
		};
/* End PBXGroup section */

/* Begin PBXNativeTarget section */
		536751CB238A149A0093F8B3 /* App */ = {
			isa = PBXNativeTarget;
			buildConfigurationList = 536751F4238A14A20093F8B3 /* Build configuration list for PBXNativeTarget "App" */;
			buildPhases = (
				72A7C31CB0603303FDC40502 /* [CP] Check Pods Manifest.lock */,
				53675211238AFF060093F8B3 /* SwiftLint */,
				53675213238B01220093F8B3 /* R.Swift */,
				536751C8238A149A0093F8B3 /* Sources */,
				536751C9238A149A0093F8B3 /* Frameworks */,
				536751CA238A149A0093F8B3 /* Resources */,
				24402C9C9FE88A75CCE13C9B /* [CP] Embed Pods Frameworks */,
			);
			buildRules = (
			);
			dependencies = (
			);
			name = App;
			productName = App;
			productReference = 536751CC238A149A0093F8B3 /* App.app */;
			productType = "com.apple.product-type.application";
		};
		536751DF238A14A20093F8B3 /* AppTests */ = {
			isa = PBXNativeTarget;
			buildConfigurationList = 536751F7238A14A20093F8B3 /* Build configuration list for PBXNativeTarget "AppTests" */;
			buildPhases = (
				D78A2EC602006D73DF47436A /* [CP] Check Pods Manifest.lock */,
				536751DC238A14A20093F8B3 /* Sources */,
				536751DD238A14A20093F8B3 /* Frameworks */,
				536751DE238A14A20093F8B3 /* Resources */,
			);
			buildRules = (
			);
			dependencies = (
				536751E2238A14A20093F8B3 /* PBXTargetDependency */,
			);
			name = AppTests;
			productName = AppTests;
			productReference = 536751E0238A14A20093F8B3 /* AppTests.xctest */;
			productType = "com.apple.product-type.bundle.unit-test";
		};
		536751EA238A14A20093F8B3 /* AppUITests */ = {
			isa = PBXNativeTarget;
			buildConfigurationList = 536751FA238A14A20093F8B3 /* Build configuration list for PBXNativeTarget "AppUITests" */;
			buildPhases = (
				7926A0E2317A7A4BCB0C48A6 /* [CP] Check Pods Manifest.lock */,
				536751E7238A14A20093F8B3 /* Sources */,
				536751E8238A14A20093F8B3 /* Frameworks */,
				536751E9238A14A20093F8B3 /* Resources */,
				313741B79917C82EF7A885DE /* [CP] Embed Pods Frameworks */,
			);
			buildRules = (
			);
			dependencies = (
				536751ED238A14A20093F8B3 /* PBXTargetDependency */,
			);
			name = AppUITests;
			productName = AppUITests;
			productReference = 536751EB238A14A20093F8B3 /* AppUITests.xctest */;
			productType = "com.apple.product-type.bundle.ui-testing";
		};
/* End PBXNativeTarget section */

/* Begin PBXProject section */
		536751C4238A149A0093F8B3 /* Project object */ = {
			isa = PBXProject;
			attributes = {
				LastSwiftUpdateCheck = 1030;
				LastUpgradeCheck = 1030;
				ORGANIZATIONNAME = "Paulo Ferreira";
				TargetAttributes = {
					536751CB238A149A0093F8B3 = {
						CreatedOnToolsVersion = 10.3;
					};
					536751DF238A14A20093F8B3 = {
						CreatedOnToolsVersion = 10.3;
						TestTargetID = 536751CB238A149A0093F8B3;
					};
					536751EA238A14A20093F8B3 = {
						CreatedOnToolsVersion = 10.3;
						TestTargetID = 536751CB238A149A0093F8B3;
					};
				};
			};
			buildConfigurationList = 536751C7238A149A0093F8B3 /* Build configuration list for PBXProject "App" */;
			compatibilityVersion = "Xcode 9.3";
			developmentRegion = en;
			hasScannedForEncodings = 0;
			knownRegions = (
				en,
				Base,
			);
			mainGroup = 536751C3238A149A0093F8B3;
			productRefGroup = 536751CD238A149A0093F8B3 /* Products */;
			projectDirPath = "";
			projectRoot = "";
			targets = (
				536751CB238A149A0093F8B3 /* App */,
				536751DF238A14A20093F8B3 /* AppTests */,
				536751EA238A14A20093F8B3 /* AppUITests */,
			);
		};
/* End PBXProject section */

/* Begin PBXResourcesBuildPhase section */
		536751CA238A149A0093F8B3 /* Resources */ = {
			isa = PBXResourcesBuildPhase;
			buildActionMask = 2147483647;
			files = (
				536751DA238A14A20093F8B3 /* LaunchScreen.storyboard in Resources */,
				53675205238A16510093F8B3 /* Localizable.strings in Resources */,
				536751D7238A14A20093F8B3 /* Assets.xcassets in Resources */,
				536751D5238A149A0093F8B3 /* Main.storyboard in Resources */,
			);
			runOnlyForDeploymentPostprocessing = 0;
		};
		536751DE238A14A20093F8B3 /* Resources */ = {
			isa = PBXResourcesBuildPhase;
			buildActionMask = 2147483647;
			files = (
			);
			runOnlyForDeploymentPostprocessing = 0;
		};
		536751E9238A14A20093F8B3 /* Resources */ = {
			isa = PBXResourcesBuildPhase;
			buildActionMask = 2147483647;
			files = (
			);
			runOnlyForDeploymentPostprocessing = 0;
		};
/* End PBXResourcesBuildPhase section */

/* Begin PBXShellScriptBuildPhase section */
		24402C9C9FE88A75CCE13C9B /* [CP] Embed Pods Frameworks */ = {
			isa = PBXShellScriptBuildPhase;
			buildActionMask = 2147483647;
			files = (
			);
			inputFileListPaths = (
				"${PODS_ROOT}/Target Support Files/Pods-App/Pods-App-frameworks-${CONFIGURATION}-input-files.xcfilelist",
			);
			name = "[CP] Embed Pods Frameworks";
			outputFileListPaths = (
				"${PODS_ROOT}/Target Support Files/Pods-App/Pods-App-frameworks-${CONFIGURATION}-output-files.xcfilelist",
			);
			runOnlyForDeploymentPostprocessing = 0;
			shellPath = /bin/sh;
			shellScript = "\"${PODS_ROOT}/Target Support Files/Pods-App/Pods-App-frameworks.sh\"\n";
			showEnvVarsInLog = 0;
		};
		313741B79917C82EF7A885DE /* [CP] Embed Pods Frameworks */ = {
			isa = PBXShellScriptBuildPhase;
			buildActionMask = 2147483647;
			files = (
			);
			inputFileListPaths = (
				"${PODS_ROOT}/Target Support Files/Pods-App-AppUITests/Pods-App-AppUITests-frameworks-${CONFIGURATION}-input-files.xcfilelist",
			);
			name = "[CP] Embed Pods Frameworks";
			outputFileListPaths = (
				"${PODS_ROOT}/Target Support Files/Pods-App-AppUITests/Pods-App-AppUITests-frameworks-${CONFIGURATION}-output-files.xcfilelist",
			);
			runOnlyForDeploymentPostprocessing = 0;
			shellPath = /bin/sh;
			shellScript = "\"${PODS_ROOT}/Target Support Files/Pods-App-AppUITests/Pods-App-AppUITests-frameworks.sh\"\n";
			showEnvVarsInLog = 0;
		};
		53675211238AFF060093F8B3 /* SwiftLint */ = {
			isa = PBXShellScriptBuildPhase;
			buildActionMask = 2147483647;
			files = (
			);
			inputFileListPaths = (
			);
			inputPaths = (
			);
			name = SwiftLint;
			outputFileListPaths = (
			);
			outputPaths = (
			);
			runOnlyForDeploymentPostprocessing = 0;
			shellPath = /bin/sh;
			shellScript = "\"${PODS_ROOT}/SwiftLint/swiftlint\"\n";
		};
		53675213238B01220093F8B3 /* R.Swift */ = {
			isa = PBXShellScriptBuildPhase;
			buildActionMask = 2147483647;
			files = (
			);
			inputFileListPaths = (
			);
			inputPaths = (
				"$TEMP_DIR/rswift-lastrun",
			);
			name = R.Swift;
			outputFileListPaths = (
			);
			outputPaths = (
				$SRCROOT/R.generated.swift,
			);
			runOnlyForDeploymentPostprocessing = 0;
			shellPath = /bin/sh;
			shellScript = "\"$PODS_ROOT/R.swift/rswift\" generate \"$SRCROOT/R.generated.swift\"\n";
		};
		72A7C31CB0603303FDC40502 /* [CP] Check Pods Manifest.lock */ = {
			isa = PBXShellScriptBuildPhase;
			buildActionMask = 2147483647;
			files = (
			);
			inputFileListPaths = (
			);
			inputPaths = (
				"${PODS_PODFILE_DIR_PATH}/Podfile.lock",
				"${PODS_ROOT}/Manifest.lock",
			);
			name = "[CP] Check Pods Manifest.lock";
			outputFileListPaths = (
			);
			outputPaths = (
				"$(DERIVED_FILE_DIR)/Pods-App-checkManifestLockResult.txt",
			);
			runOnlyForDeploymentPostprocessing = 0;
			shellPath = /bin/sh;
			shellScript = "diff \"${PODS_PODFILE_DIR_PATH}/Podfile.lock\" \"${PODS_ROOT}/Manifest.lock\" > /dev/null\nif [ $? != 0 ] ; then\n    # print error to STDERR\n    echo \"error: The sandbox is not in sync with the Podfile.lock. Run 'pod install' or update your CocoaPods installation.\" >&2\n    exit 1\nfi\n# This output is used by Xcode 'outputs' to avoid re-running this script phase.\necho \"SUCCESS\" > \"${SCRIPT_OUTPUT_FILE_0}\"\n";
			showEnvVarsInLog = 0;
		};
		7926A0E2317A7A4BCB0C48A6 /* [CP] Check Pods Manifest.lock */ = {
			isa = PBXShellScriptBuildPhase;
			buildActionMask = 2147483647;
			files = (
			);
			inputFileListPaths = (
			);
			inputPaths = (
				"${PODS_PODFILE_DIR_PATH}/Podfile.lock",
				"${PODS_ROOT}/Manifest.lock",
			);
			name = "[CP] Check Pods Manifest.lock";
			outputFileListPaths = (
			);
			outputPaths = (
				"$(DERIVED_FILE_DIR)/Pods-App-AppUITests-checkManifestLockResult.txt",
			);
			runOnlyForDeploymentPostprocessing = 0;
			shellPath = /bin/sh;
			shellScript = "diff \"${PODS_PODFILE_DIR_PATH}/Podfile.lock\" \"${PODS_ROOT}/Manifest.lock\" > /dev/null\nif [ $? != 0 ] ; then\n    # print error to STDERR\n    echo \"error: The sandbox is not in sync with the Podfile.lock. Run 'pod install' or update your CocoaPods installation.\" >&2\n    exit 1\nfi\n# This output is used by Xcode 'outputs' to avoid re-running this script phase.\necho \"SUCCESS\" > \"${SCRIPT_OUTPUT_FILE_0}\"\n";
			showEnvVarsInLog = 0;
		};
		D78A2EC602006D73DF47436A /* [CP] Check Pods Manifest.lock */ = {
			isa = PBXShellScriptBuildPhase;
			buildActionMask = 2147483647;
			files = (
			);
			inputFileListPaths = (
			);
			inputPaths = (
				"${PODS_PODFILE_DIR_PATH}/Podfile.lock",
				"${PODS_ROOT}/Manifest.lock",
			);
			name = "[CP] Check Pods Manifest.lock";
			outputFileListPaths = (
			);
			outputPaths = (
				"$(DERIVED_FILE_DIR)/Pods-AppTests-checkManifestLockResult.txt",
			);
			runOnlyForDeploymentPostprocessing = 0;
			shellPath = /bin/sh;
			shellScript = "diff \"${PODS_PODFILE_DIR_PATH}/Podfile.lock\" \"${PODS_ROOT}/Manifest.lock\" > /dev/null\nif [ $? != 0 ] ; then\n    # print error to STDERR\n    echo \"error: The sandbox is not in sync with the Podfile.lock. Run 'pod install' or update your CocoaPods installation.\" >&2\n    exit 1\nfi\n# This output is used by Xcode 'outputs' to avoid re-running this script phase.\necho \"SUCCESS\" > \"${SCRIPT_OUTPUT_FILE_0}\"\n";
			showEnvVarsInLog = 0;
		};
/* End PBXShellScriptBuildPhase section */

/* Begin PBXSourcesBuildPhase section */
		536751C8238A149A0093F8B3 /* Sources */ = {
			isa = PBXSourcesBuildPhase;
			buildActionMask = 2147483647;
			files = (
				536751D2238A149A0093F8B3 /* ViewController.swift in Sources */,
				53675210238A18570093F8B3 /* Environment.swift in Sources */,
				536751D0238A149A0093F8B3 /* AppDelegate.swift in Sources */,
				53675216238B01E80093F8B3 /* R.generated.swift in Sources */,
			);
			runOnlyForDeploymentPostprocessing = 0;
		};
		536751DC238A14A20093F8B3 /* Sources */ = {
			isa = PBXSourcesBuildPhase;
			buildActionMask = 2147483647;
			files = (
				536751E5238A14A20093F8B3 /* AppTests.swift in Sources */,
			);
			runOnlyForDeploymentPostprocessing = 0;
		};
		536751E7238A14A20093F8B3 /* Sources */ = {
			isa = PBXSourcesBuildPhase;
			buildActionMask = 2147483647;
			files = (
				536751F0238A14A20093F8B3 /* AppUITests.swift in Sources */,
			);
			runOnlyForDeploymentPostprocessing = 0;
		};
/* End PBXSourcesBuildPhase section */

/* Begin PBXTargetDependency section */
		536751E2238A14A20093F8B3 /* PBXTargetDependency */ = {
			isa = PBXTargetDependency;
			target = 536751CB238A149A0093F8B3 /* App */;
			targetProxy = 536751E1238A14A20093F8B3 /* PBXContainerItemProxy */;
		};
		536751ED238A14A20093F8B3 /* PBXTargetDependency */ = {
			isa = PBXTargetDependency;
			target = 536751CB238A149A0093F8B3 /* App */;
			targetProxy = 536751EC238A14A20093F8B3 /* PBXContainerItemProxy */;
		};
/* End PBXTargetDependency section */

/* Begin PBXVariantGroup section */
		536751D3238A149A0093F8B3 /* Main.storyboard */ = {
			isa = PBXVariantGroup;
			children = (
				536751D4238A149A0093F8B3 /* Base */,
			);
			name = Main.storyboard;
			sourceTree = "<group>";
		};
		536751D8238A14A20093F8B3 /* LaunchScreen.storyboard */ = {
			isa = PBXVariantGroup;
			children = (
				536751D9238A14A20093F8B3 /* Base */,
			);
			name = LaunchScreen.storyboard;
			sourceTree = "<group>";
		};
/* End PBXVariantGroup section */

/* Begin XCBuildConfiguration section */
		536751F2238A14A20093F8B3 /* Debug */ = {
			isa = XCBuildConfiguration;
			buildSettings = {
				ALWAYS_SEARCH_USER_PATHS = NO;
				CLANG_ANALYZER_NONNULL = YES;
				CLANG_ANALYZER_NUMBER_OBJECT_CONVERSION = YES_AGGRESSIVE;
				CLANG_CXX_LANGUAGE_STANDARD = "gnu++14";
				CLANG_CXX_LIBRARY = "libc++";
				CLANG_ENABLE_MODULES = YES;
				CLANG_ENABLE_OBJC_ARC = YES;
				CLANG_ENABLE_OBJC_WEAK = YES;
				CLANG_WARN_BLOCK_CAPTURE_AUTORELEASING = YES;
				CLANG_WARN_BOOL_CONVERSION = YES;
				CLANG_WARN_COMMA = YES;
				CLANG_WARN_CONSTANT_CONVERSION = YES;
				CLANG_WARN_DEPRECATED_OBJC_IMPLEMENTATIONS = YES;
				CLANG_WARN_DIRECT_OBJC_ISA_USAGE = YES_ERROR;
				CLANG_WARN_DOCUMENTATION_COMMENTS = YES;
				CLANG_WARN_EMPTY_BODY = YES;
				CLANG_WARN_ENUM_CONVERSION = YES;
				CLANG_WARN_INFINITE_RECURSION = YES;
				CLANG_WARN_INT_CONVERSION = YES;
				CLANG_WARN_NON_LITERAL_NULL_CONVERSION = YES;
				CLANG_WARN_OBJC_IMPLICIT_RETAIN_SELF = YES;
				CLANG_WARN_OBJC_LITERAL_CONVERSION = YES;
				CLANG_WARN_OBJC_ROOT_CLASS = YES_ERROR;
				CLANG_WARN_RANGE_LOOP_ANALYSIS = YES;
				CLANG_WARN_STRICT_PROTOTYPES = YES;
				CLANG_WARN_SUSPICIOUS_MOVE = YES;
				CLANG_WARN_UNGUARDED_AVAILABILITY = YES_AGGRESSIVE;
				CLANG_WARN_UNREACHABLE_CODE = YES;
				CLANG_WARN__DUPLICATE_METHOD_MATCH = YES;
				CODE_SIGN_IDENTITY = "iPhone Developer";
				COPY_PHASE_STRIP = NO;
				DEBUG_INFORMATION_FORMAT = dwarf;
				ENABLE_STRICT_OBJC_MSGSEND = YES;
				ENABLE_TESTABILITY = YES;
				GCC_C_LANGUAGE_STANDARD = gnu11;
				GCC_DYNAMIC_NO_PIC = NO;
				GCC_NO_COMMON_BLOCKS = YES;
				GCC_OPTIMIZATION_LEVEL = 0;
				GCC_PREPROCESSOR_DEFINITIONS = (
					"DEBUG=1",
					"$(inherited)",
				);
				GCC_WARN_64_TO_32_BIT_CONVERSION = YES;
				GCC_WARN_ABOUT_RETURN_TYPE = YES_ERROR;
				GCC_WARN_UNDECLARED_SELECTOR = YES;
				GCC_WARN_UNINITIALIZED_AUTOS = YES_AGGRESSIVE;
				GCC_WARN_UNUSED_FUNCTION = YES;
				GCC_WARN_UNUSED_VARIABLE = YES;
				IPHONEOS_DEPLOYMENT_TARGET = 12.4;
				MTL_ENABLE_DEBUG_INFO = INCLUDE_SOURCE;
				MTL_FAST_MATH = YES;
				ONLY_ACTIVE_ARCH = YES;
				SDKROOT = iphoneos;
				SWIFT_ACTIVE_COMPILATION_CONDITIONS = DEBUG;
				SWIFT_OPTIMIZATION_LEVEL = "-Onone";
			};
			name = Debug;
		};
		536751F3238A14A20093F8B3 /* Release */ = {
			isa = XCBuildConfiguration;
			buildSettings = {
				ALWAYS_SEARCH_USER_PATHS = NO;
				CLANG_ANALYZER_NONNULL = YES;
				CLANG_ANALYZER_NUMBER_OBJECT_CONVERSION = YES_AGGRESSIVE;
				CLANG_CXX_LANGUAGE_STANDARD = "gnu++14";
				CLANG_CXX_LIBRARY = "libc++";
				CLANG_ENABLE_MODULES = YES;
				CLANG_ENABLE_OBJC_ARC = YES;
				CLANG_ENABLE_OBJC_WEAK = YES;
				CLANG_WARN_BLOCK_CAPTURE_AUTORELEASING = YES;
				CLANG_WARN_BOOL_CONVERSION = YES;
				CLANG_WARN_COMMA = YES;
				CLANG_WARN_CONSTANT_CONVERSION = YES;
				CLANG_WARN_DEPRECATED_OBJC_IMPLEMENTATIONS = YES;
				CLANG_WARN_DIRECT_OBJC_ISA_USAGE = YES_ERROR;
				CLANG_WARN_DOCUMENTATION_COMMENTS = YES;
				CLANG_WARN_EMPTY_BODY = YES;
				CLANG_WARN_ENUM_CONVERSION = YES;
				CLANG_WARN_INFINITE_RECURSION = YES;
				CLANG_WARN_INT_CONVERSION = YES;
				CLANG_WARN_NON_LITERAL_NULL_CONVERSION = YES;
				CLANG_WARN_OBJC_IMPLICIT_RETAIN_SELF = YES;
				CLANG_WARN_OBJC_LITERAL_CONVERSION = YES;
				CLANG_WARN_OBJC_ROOT_CLASS = YES_ERROR;
				CLANG_WARN_RANGE_LOOP_ANALYSIS = YES;
				CLANG_WARN_STRICT_PROTOTYPES = YES;
				CLANG_WARN_SUSPICIOUS_MOVE = YES;
				CLANG_WARN_UNGUARDED_AVAILABILITY = YES_AGGRESSIVE;
				CLANG_WARN_UNREACHABLE_CODE = YES;
				CLANG_WARN__DUPLICATE_METHOD_MATCH = YES;
				CODE_SIGN_IDENTITY = "iPhone Developer";
				COPY_PHASE_STRIP = NO;
				DEBUG_INFORMATION_FORMAT = "dwarf-with-dsym";
				ENABLE_NS_ASSERTIONS = NO;
				ENABLE_STRICT_OBJC_MSGSEND = YES;
				GCC_C_LANGUAGE_STANDARD = gnu11;
				GCC_NO_COMMON_BLOCKS = YES;
				GCC_WARN_64_TO_32_BIT_CONVERSION = YES;
				GCC_WARN_ABOUT_RETURN_TYPE = YES_ERROR;
				GCC_WARN_UNDECLARED_SELECTOR = YES;
				GCC_WARN_UNINITIALIZED_AUTOS = YES_AGGRESSIVE;
				GCC_WARN_UNUSED_FUNCTION = YES;
				GCC_WARN_UNUSED_VARIABLE = YES;
				IPHONEOS_DEPLOYMENT_TARGET = 12.4;
				MTL_ENABLE_DEBUG_INFO = NO;
				MTL_FAST_MATH = YES;
				SDKROOT = iphoneos;
				SWIFT_COMPILATION_MODE = wholemodule;
				SWIFT_OPTIMIZATION_LEVEL = "-O";
				VALIDATE_PRODUCT = YES;
			};
			name = Release;
		};
		536751F5238A14A20093F8B3 /* Debug */ = {
			isa = XCBuildConfiguration;
			baseConfigurationReference = F72A5D779EC682F3305827A6 /* Pods-App.debug.xcconfig */;
			buildSettings = {
				ASSETCATALOG_COMPILER_APPICON_NAME = AppIcon;
				BASE_URL = "https://api.themoviedb.org/3/";
				CODE_SIGN_STYLE = Automatic;
				DISPLAY_NAME = "Filmes Populares";
				IMAGE_BASE_URL = "https://image.tmdb.org/t/p/w500/";
				INFOPLIST_FILE = App/Info.plist;
				LD_RUNPATH_SEARCH_PATHS = (
					"$(inherited)",
					"@executable_path/Frameworks",
				);
				PRODUCT_BUNDLE_IDENTIFIER = br.com.moviebox.App;
				PRODUCT_NAME = "$(TARGET_NAME)";
				SWIFT_VERSION = 5.0;
				TARGETED_DEVICE_FAMILY = "1,2";
			};
			name = Debug;
		};
		536751F6238A14A20093F8B3 /* Release */ = {
			isa = XCBuildConfiguration;
			baseConfigurationReference = 142DDAA92322DAB378D6FBBD /* Pods-App.release.xcconfig */;
			buildSettings = {
				ASSETCATALOG_COMPILER_APPICON_NAME = AppIcon;
				BASE_URL = "https://api.themoviedb.org/3/";
				CODE_SIGN_STYLE = Automatic;
				DISPLAY_NAME = "Filmes Populares";
				IMAGE_BASE_URL = "https://image.tmdb.org/t/p/w500/";
				INFOPLIST_FILE = App/Info.plist;
				LD_RUNPATH_SEARCH_PATHS = (
					"$(inherited)",
					"@executable_path/Frameworks",
				);
				PRODUCT_BUNDLE_IDENTIFIER = br.com.moviebox.App;
				PRODUCT_NAME = "$(TARGET_NAME)";
				SWIFT_VERSION = 5.0;
				TARGETED_DEVICE_FAMILY = "1,2";
			};
			name = Release;
		};
		536751F8238A14A20093F8B3 /* Debug */ = {
			isa = XCBuildConfiguration;
			baseConfigurationReference = 8F16792C2433E00A23772DBE /* Pods-AppTests.debug.xcconfig */;
			buildSettings = {
				ALWAYS_EMBED_SWIFT_STANDARD_LIBRARIES = YES;
				BUNDLE_LOADER = "$(TEST_HOST)";
				CODE_SIGN_STYLE = Automatic;
				INFOPLIST_FILE = AppTests/Info.plist;
				LD_RUNPATH_SEARCH_PATHS = (
					"$(inherited)",
					"@executable_path/Frameworks",
					"@loader_path/Frameworks",
				);
				PRODUCT_BUNDLE_IDENTIFIER = br.com.moviebox.AppTests;
				PRODUCT_NAME = "$(TARGET_NAME)";
				SWIFT_VERSION = 5.0;
				TARGETED_DEVICE_FAMILY = "1,2";
				TEST_HOST = "$(BUILT_PRODUCTS_DIR)/App.app/App";
			};
			name = Debug;
		};
		536751F9238A14A20093F8B3 /* Release */ = {
			isa = XCBuildConfiguration;
			baseConfigurationReference = 01551FB951E1E13EA9F4B837 /* Pods-AppTests.release.xcconfig */;
			buildSettings = {
				ALWAYS_EMBED_SWIFT_STANDARD_LIBRARIES = YES;
				BUNDLE_LOADER = "$(TEST_HOST)";
				CODE_SIGN_STYLE = Automatic;
				INFOPLIST_FILE = AppTests/Info.plist;
				LD_RUNPATH_SEARCH_PATHS = (
					"$(inherited)",
					"@executable_path/Frameworks",
					"@loader_path/Frameworks",
				);
				PRODUCT_BUNDLE_IDENTIFIER = br.com.moviebox.AppTests;
				PRODUCT_NAME = "$(TARGET_NAME)";
				SWIFT_VERSION = 5.0;
				TARGETED_DEVICE_FAMILY = "1,2";
				TEST_HOST = "$(BUILT_PRODUCTS_DIR)/App.app/App";
			};
			name = Release;
		};
		536751FB238A14A20093F8B3 /* Debug */ = {
			isa = XCBuildConfiguration;
			baseConfigurationReference = 1419A3D04E62273B286D062A /* Pods-App-AppUITests.debug.xcconfig */;
			buildSettings = {
				ALWAYS_EMBED_SWIFT_STANDARD_LIBRARIES = YES;
				CODE_SIGN_STYLE = Automatic;
				INFOPLIST_FILE = AppUITests/Info.plist;
				LD_RUNPATH_SEARCH_PATHS = (
					"$(inherited)",
					"@executable_path/Frameworks",
					"@loader_path/Frameworks",
				);
				PRODUCT_BUNDLE_IDENTIFIER = br.com.moviebox.AppUITests;
				PRODUCT_NAME = "$(TARGET_NAME)";
				SWIFT_VERSION = 5.0;
				TARGETED_DEVICE_FAMILY = "1,2";
				TEST_TARGET_NAME = App;
			};
			name = Debug;
		};
		536751FC238A14A20093F8B3 /* Release */ = {
			isa = XCBuildConfiguration;
			baseConfigurationReference = 4447FC42A726569E07A8F2A0 /* Pods-App-AppUITests.release.xcconfig */;
			buildSettings = {
				ALWAYS_EMBED_SWIFT_STANDARD_LIBRARIES = YES;
				CODE_SIGN_STYLE = Automatic;
				INFOPLIST_FILE = AppUITests/Info.plist;
				LD_RUNPATH_SEARCH_PATHS = (
					"$(inherited)",
					"@executable_path/Frameworks",
					"@loader_path/Frameworks",
				);
				PRODUCT_BUNDLE_IDENTIFIER = br.com.moviebox.AppUITests;
				PRODUCT_NAME = "$(TARGET_NAME)";
				SWIFT_VERSION = 5.0;
				TARGETED_DEVICE_FAMILY = "1,2";
				TEST_TARGET_NAME = App;
			};
			name = Release;
		};
		53675207238A17340093F8B3 /* Debug DEV */ = {
			isa = XCBuildConfiguration;
			buildSettings = {
				ALWAYS_SEARCH_USER_PATHS = NO;
				CLANG_ANALYZER_NONNULL = YES;
				CLANG_ANALYZER_NUMBER_OBJECT_CONVERSION = YES_AGGRESSIVE;
				CLANG_CXX_LANGUAGE_STANDARD = "gnu++14";
				CLANG_CXX_LIBRARY = "libc++";
				CLANG_ENABLE_MODULES = YES;
				CLANG_ENABLE_OBJC_ARC = YES;
				CLANG_ENABLE_OBJC_WEAK = YES;
				CLANG_WARN_BLOCK_CAPTURE_AUTORELEASING = YES;
				CLANG_WARN_BOOL_CONVERSION = YES;
				CLANG_WARN_COMMA = YES;
				CLANG_WARN_CONSTANT_CONVERSION = YES;
				CLANG_WARN_DEPRECATED_OBJC_IMPLEMENTATIONS = YES;
				CLANG_WARN_DIRECT_OBJC_ISA_USAGE = YES_ERROR;
				CLANG_WARN_DOCUMENTATION_COMMENTS = YES;
				CLANG_WARN_EMPTY_BODY = YES;
				CLANG_WARN_ENUM_CONVERSION = YES;
				CLANG_WARN_INFINITE_RECURSION = YES;
				CLANG_WARN_INT_CONVERSION = YES;
				CLANG_WARN_NON_LITERAL_NULL_CONVERSION = YES;
				CLANG_WARN_OBJC_IMPLICIT_RETAIN_SELF = YES;
				CLANG_WARN_OBJC_LITERAL_CONVERSION = YES;
				CLANG_WARN_OBJC_ROOT_CLASS = YES_ERROR;
				CLANG_WARN_RANGE_LOOP_ANALYSIS = YES;
				CLANG_WARN_STRICT_PROTOTYPES = YES;
				CLANG_WARN_SUSPICIOUS_MOVE = YES;
				CLANG_WARN_UNGUARDED_AVAILABILITY = YES_AGGRESSIVE;
				CLANG_WARN_UNREACHABLE_CODE = YES;
				CLANG_WARN__DUPLICATE_METHOD_MATCH = YES;
				CODE_SIGN_IDENTITY = "iPhone Developer";
				COPY_PHASE_STRIP = NO;
				DEBUG_INFORMATION_FORMAT = dwarf;
				ENABLE_STRICT_OBJC_MSGSEND = YES;
				ENABLE_TESTABILITY = YES;
				GCC_C_LANGUAGE_STANDARD = gnu11;
				GCC_DYNAMIC_NO_PIC = NO;
				GCC_NO_COMMON_BLOCKS = YES;
				GCC_OPTIMIZATION_LEVEL = 0;
				GCC_PREPROCESSOR_DEFINITIONS = (
					"DEBUG=1",
					"$(inherited)",
				);
				GCC_WARN_64_TO_32_BIT_CONVERSION = YES;
				GCC_WARN_ABOUT_RETURN_TYPE = YES_ERROR;
				GCC_WARN_UNDECLARED_SELECTOR = YES;
				GCC_WARN_UNINITIALIZED_AUTOS = YES_AGGRESSIVE;
				GCC_WARN_UNUSED_FUNCTION = YES;
				GCC_WARN_UNUSED_VARIABLE = YES;
				IPHONEOS_DEPLOYMENT_TARGET = 12.4;
				MTL_ENABLE_DEBUG_INFO = INCLUDE_SOURCE;
				MTL_FAST_MATH = YES;
				ONLY_ACTIVE_ARCH = YES;
				SDKROOT = iphoneos;
				SWIFT_ACTIVE_COMPILATION_CONDITIONS = DEBUG;
				SWIFT_OPTIMIZATION_LEVEL = "-Onone";
			};
			name = "Debug DEV";
		};
		53675208238A17340093F8B3 /* Debug DEV */ = {
			isa = XCBuildConfiguration;
			baseConfigurationReference = C8999F5587E40F2CC2F095A5 /* Pods-App.debug dev.xcconfig */;
			buildSettings = {
				ASSETCATALOG_COMPILER_APPICON_NAME = AppIcon;
				BASE_URL = "https://dev.api.themoviedb.org/3/";
				CODE_SIGN_STYLE = Automatic;
				DISPLAY_NAME = "Filmes Populares - DEV";
				IMAGE_BASE_URL = "https://dev.image.tmdb.org/t/p/w500/";
				INFOPLIST_FILE = App/Info.plist;
				LD_RUNPATH_SEARCH_PATHS = (
					"$(inherited)",
					"@executable_path/Frameworks",
				);
				PRODUCT_BUNDLE_IDENTIFIER = br.com.moviebox.App;
				PRODUCT_NAME = "$(TARGET_NAME)";
				SWIFT_VERSION = 5.0;
				TARGETED_DEVICE_FAMILY = "1,2";
			};
			name = "Debug DEV";
		};
		53675209238A17340093F8B3 /* Debug DEV */ = {
			isa = XCBuildConfiguration;
			baseConfigurationReference = 9834507D6C8A9AE27CD73ECD /* Pods-AppTests.debug dev.xcconfig */;
			buildSettings = {
				ALWAYS_EMBED_SWIFT_STANDARD_LIBRARIES = YES;
				BUNDLE_LOADER = "$(TEST_HOST)";
				CODE_SIGN_STYLE = Automatic;
				INFOPLIST_FILE = AppTests/Info.plist;
				LD_RUNPATH_SEARCH_PATHS = (
					"$(inherited)",
					"@executable_path/Frameworks",
					"@loader_path/Frameworks",
				);
				PRODUCT_BUNDLE_IDENTIFIER = br.com.moviebox.AppTests;
				PRODUCT_NAME = "$(TARGET_NAME)";
				SWIFT_VERSION = 5.0;
				TARGETED_DEVICE_FAMILY = "1,2";
				TEST_HOST = "$(BUILT_PRODUCTS_DIR)/App.app/App";
			};
			name = "Debug DEV";
		};
		5367520A238A17340093F8B3 /* Debug DEV */ = {
			isa = XCBuildConfiguration;
			baseConfigurationReference = 0F140947EF7C269B3144809B /* Pods-App-AppUITests.debug dev.xcconfig */;
			buildSettings = {
				ALWAYS_EMBED_SWIFT_STANDARD_LIBRARIES = YES;
				CODE_SIGN_STYLE = Automatic;
				INFOPLIST_FILE = AppUITests/Info.plist;
				LD_RUNPATH_SEARCH_PATHS = (
					"$(inherited)",
					"@executable_path/Frameworks",
					"@loader_path/Frameworks",
				);
				PRODUCT_BUNDLE_IDENTIFIER = br.com.moviebox.AppUITests;
				PRODUCT_NAME = "$(TARGET_NAME)";
				SWIFT_VERSION = 5.0;
				TARGETED_DEVICE_FAMILY = "1,2";
				TEST_TARGET_NAME = App;
			};
			name = "Debug DEV";
		};
		5367520B238A17BF0093F8B3 /* Release DEV */ = {
			isa = XCBuildConfiguration;
			buildSettings = {
				ALWAYS_SEARCH_USER_PATHS = NO;
				CLANG_ANALYZER_NONNULL = YES;
				CLANG_ANALYZER_NUMBER_OBJECT_CONVERSION = YES_AGGRESSIVE;
				CLANG_CXX_LANGUAGE_STANDARD = "gnu++14";
				CLANG_CXX_LIBRARY = "libc++";
				CLANG_ENABLE_MODULES = YES;
				CLANG_ENABLE_OBJC_ARC = YES;
				CLANG_ENABLE_OBJC_WEAK = YES;
				CLANG_WARN_BLOCK_CAPTURE_AUTORELEASING = YES;
				CLANG_WARN_BOOL_CONVERSION = YES;
				CLANG_WARN_COMMA = YES;
				CLANG_WARN_CONSTANT_CONVERSION = YES;
				CLANG_WARN_DEPRECATED_OBJC_IMPLEMENTATIONS = YES;
				CLANG_WARN_DIRECT_OBJC_ISA_USAGE = YES_ERROR;
				CLANG_WARN_DOCUMENTATION_COMMENTS = YES;
				CLANG_WARN_EMPTY_BODY = YES;
				CLANG_WARN_ENUM_CONVERSION = YES;
				CLANG_WARN_INFINITE_RECURSION = YES;
				CLANG_WARN_INT_CONVERSION = YES;
				CLANG_WARN_NON_LITERAL_NULL_CONVERSION = YES;
				CLANG_WARN_OBJC_IMPLICIT_RETAIN_SELF = YES;
				CLANG_WARN_OBJC_LITERAL_CONVERSION = YES;
				CLANG_WARN_OBJC_ROOT_CLASS = YES_ERROR;
				CLANG_WARN_RANGE_LOOP_ANALYSIS = YES;
				CLANG_WARN_STRICT_PROTOTYPES = YES;
				CLANG_WARN_SUSPICIOUS_MOVE = YES;
				CLANG_WARN_UNGUARDED_AVAILABILITY = YES_AGGRESSIVE;
				CLANG_WARN_UNREACHABLE_CODE = YES;
				CLANG_WARN__DUPLICATE_METHOD_MATCH = YES;
				CODE_SIGN_IDENTITY = "iPhone Developer";
				COPY_PHASE_STRIP = NO;
				DEBUG_INFORMATION_FORMAT = "dwarf-with-dsym";
				ENABLE_NS_ASSERTIONS = NO;
				ENABLE_STRICT_OBJC_MSGSEND = YES;
				GCC_C_LANGUAGE_STANDARD = gnu11;
				GCC_NO_COMMON_BLOCKS = YES;
				GCC_WARN_64_TO_32_BIT_CONVERSION = YES;
				GCC_WARN_ABOUT_RETURN_TYPE = YES_ERROR;
				GCC_WARN_UNDECLARED_SELECTOR = YES;
				GCC_WARN_UNINITIALIZED_AUTOS = YES_AGGRESSIVE;
				GCC_WARN_UNUSED_FUNCTION = YES;
				GCC_WARN_UNUSED_VARIABLE = YES;
				IPHONEOS_DEPLOYMENT_TARGET = 12.4;
				MTL_ENABLE_DEBUG_INFO = NO;
				MTL_FAST_MATH = YES;
				SDKROOT = iphoneos;
				SWIFT_COMPILATION_MODE = wholemodule;
				SWIFT_OPTIMIZATION_LEVEL = "-O";
				VALIDATE_PRODUCT = YES;
			};
			name = "Release DEV";
		};
		5367520C238A17BF0093F8B3 /* Release DEV */ = {
			isa = XCBuildConfiguration;
			baseConfigurationReference = 1BD350D4590C41CC7BE1BABF /* Pods-App.release dev.xcconfig */;
			buildSettings = {
				ASSETCATALOG_COMPILER_APPICON_NAME = AppIcon;
				BASE_URL = "https://dev.api.themoviedb.org/3/";
				CODE_SIGN_STYLE = Automatic;
				DISPLAY_NAME = "Filmes Populares - DEV";
				IMAGE_BASE_URL = "https://dev.image.tmdb.org/t/p/w500/";
				INFOPLIST_FILE = App/Info.plist;
				LD_RUNPATH_SEARCH_PATHS = (
					"$(inherited)",
					"@executable_path/Frameworks",
				);
				PRODUCT_BUNDLE_IDENTIFIER = br.com.moviebox.App;
				PRODUCT_NAME = "$(TARGET_NAME)";
				SWIFT_VERSION = 5.0;
				TARGETED_DEVICE_FAMILY = "1,2";
			};
			name = "Release DEV";
		};
		5367520D238A17BF0093F8B3 /* Release DEV */ = {
			isa = XCBuildConfiguration;
			baseConfigurationReference = 8CCD21838E914D1179DF30A9 /* Pods-AppTests.release dev.xcconfig */;
			buildSettings = {
				ALWAYS_EMBED_SWIFT_STANDARD_LIBRARIES = YES;
				BUNDLE_LOADER = "$(TEST_HOST)";
				CODE_SIGN_STYLE = Automatic;
				INFOPLIST_FILE = AppTests/Info.plist;
				LD_RUNPATH_SEARCH_PATHS = (
					"$(inherited)",
					"@executable_path/Frameworks",
					"@loader_path/Frameworks",
				);
				PRODUCT_BUNDLE_IDENTIFIER = br.com.moviebox.AppTests;
				PRODUCT_NAME = "$(TARGET_NAME)";
				SWIFT_VERSION = 5.0;
				TARGETED_DEVICE_FAMILY = "1,2";
				TEST_HOST = "$(BUILT_PRODUCTS_DIR)/App.app/App";
			};
			name = "Release DEV";
		};
		5367520E238A17BF0093F8B3 /* Release DEV */ = {
			isa = XCBuildConfiguration;
			baseConfigurationReference = D012A34F75A64B089E802E74 /* Pods-App-AppUITests.release dev.xcconfig */;
			buildSettings = {
				ALWAYS_EMBED_SWIFT_STANDARD_LIBRARIES = YES;
				CODE_SIGN_STYLE = Automatic;
				INFOPLIST_FILE = AppUITests/Info.plist;
				LD_RUNPATH_SEARCH_PATHS = (
					"$(inherited)",
					"@executable_path/Frameworks",
					"@loader_path/Frameworks",
				);
				PRODUCT_BUNDLE_IDENTIFIER = br.com.moviebox.AppUITests;
				PRODUCT_NAME = "$(TARGET_NAME)";
				SWIFT_VERSION = 5.0;
				TARGETED_DEVICE_FAMILY = "1,2";
				TEST_TARGET_NAME = App;
			};
			name = "Release DEV";
		};
/* End XCBuildConfiguration section */

/* Begin XCConfigurationList section */
		536751C7238A149A0093F8B3 /* Build configuration list for PBXProject "App" */ = {
			isa = XCConfigurationList;
			buildConfigurations = (
				536751F2238A14A20093F8B3 /* Debug */,
				53675207238A17340093F8B3 /* Debug DEV */,
				536751F3238A14A20093F8B3 /* Release */,
				5367520B238A17BF0093F8B3 /* Release DEV */,
			);
			defaultConfigurationIsVisible = 0;
			defaultConfigurationName = Release;
		};
		536751F4238A14A20093F8B3 /* Build configuration list for PBXNativeTarget "App" */ = {
			isa = XCConfigurationList;
			buildConfigurations = (
				536751F5238A14A20093F8B3 /* Debug */,
				53675208238A17340093F8B3 /* Debug DEV */,
				536751F6238A14A20093F8B3 /* Release */,
				5367520C238A17BF0093F8B3 /* Release DEV */,
			);
			defaultConfigurationIsVisible = 0;
			defaultConfigurationName = Release;
		};
		536751F7238A14A20093F8B3 /* Build configuration list for PBXNativeTarget "AppTests" */ = {
			isa = XCConfigurationList;
			buildConfigurations = (
				536751F8238A14A20093F8B3 /* Debug */,
				53675209238A17340093F8B3 /* Debug DEV */,
				536751F9238A14A20093F8B3 /* Release */,
				5367520D238A17BF0093F8B3 /* Release DEV */,
			);
			defaultConfigurationIsVisible = 0;
			defaultConfigurationName = Release;
		};
		536751FA238A14A20093F8B3 /* Build configuration list for PBXNativeTarget "AppUITests" */ = {
			isa = XCConfigurationList;
			buildConfigurations = (
				536751FB238A14A20093F8B3 /* Debug */,
				5367520A238A17340093F8B3 /* Debug DEV */,
				536751FC238A14A20093F8B3 /* Release */,
				5367520E238A17BF0093F8B3 /* Release DEV */,
			);
			defaultConfigurationIsVisible = 0;
			defaultConfigurationName = Release;
		};
/* End XCConfigurationList section */
	};
	rootObject = 536751C4238A149A0093F8B3 /* Project object */;
}
